
Microsoft Visual Studio Solution File, Format Version 12.00
# Visual Studio Version 16
VisualStudioVersion = 16.0.30523.141
MinimumVisualStudioVersion = 10.0.40219.1
Project("{FAE04EC0-301F-11D3-BF4B-00C04F79EFBC}") = "LearningExceptions", "LearningExceptions\LearningExceptions.csproj", "{648068CB-7D79-4E92-95C5-0C712DD41100}"
EndProject
Global
	GlobalSection(SolutionConfigurationPlatforms) = preSolution
		Debug|Any CPU = Debug|Any CPU
		Release|Any CPU = Release|Any CPU
	EndGlobalSection
	GlobalSection(ProjectConfigurationPlatforms) = postSolution
		{648068CB-7D79-4E92-95C5-0C712DD41100}.Debug|Any CPU.ActiveCfg = Debug|Any CPU
		{648068CB-7D79-4E92-95C5-0C712DD41100}.Debug|Any CPU.Build.0 = Debug|Any CPU
		{648068CB-7D79-4E92-95C5-0C712DD41100}.Release|Any CPU.ActiveCfg = Release|Any CPU
		{648068CB-7D79-4E92-95C5-0C712DD41100}.Release|Any CPU.Build.0 = Release|Any CPU
	EndGlobalSection
	GlobalSection(SolutionProperties) = preSolution
		HideSolutionNode = FALSE
	EndGlobalSection
	GlobalSection(ExtensibilityGlobals) = postSolution
		SolutionGuid = {9FCAE041-E173-4FD8-A02E-52B7F61FD24E}
	EndGlobalSection
EndGlobal
